// !$*UTF8*$!
{
	archiveVersion = 1;
	classes = {
	};
	objectVersion = 56;
	objects = {

/* Begin PBXBuildFile section */
		30286CCD2A25C08B00456CA5 /* CreateSecretSheet.swift in Sources */ = {isa = PBXBuildFile; fileRef = 30286CCC2A25C08B00456CA5 /* CreateSecretSheet.swift */; };
		30286CD72A269B3600456CA5 /* NotificationManager.swift in Sources */ = {isa = PBXBuildFile; fileRef = 30286CD62A269B3600456CA5 /* NotificationManager.swift */; };
		30286CD92A26A59E00456CA5 /* NotificationList.swift in Sources */ = {isa = PBXBuildFile; fileRef = 30286CD82A26A59E00456CA5 /* NotificationList.swift */; };
		30286CDD2A27092B00456CA5 /* TimeRangePicker.swift in Sources */ = {isa = PBXBuildFile; fileRef = 30286CDC2A27092B00456CA5 /* TimeRangePicker.swift */; };
		302877FE2A2B917A0065FD0C /* Logging.swift in Sources */ = {isa = PBXBuildFile; fileRef = 302877FD2A2B917A0065FD0C /* Logging.swift */; };
		302878002A2B921A0065FD0C /* Storage.swift in Sources */ = {isa = PBXBuildFile; fileRef = 302877FF2A2B921A0065FD0C /* Storage.swift */; };
		302878022A2BCFD00065FD0C /* HackerCodeRawString.swift in Sources */ = {isa = PBXBuildFile; fileRef = 302878012A2BCFD00065FD0C /* HackerCodeRawString.swift */; };
		302878062A2C52AF0065FD0C /* OnboardingSheet.swift in Sources */ = {isa = PBXBuildFile; fileRef = 302878052A2C52AF0065FD0C /* OnboardingSheet.swift */; };
		307BEFEE2A28071D004D21AC /* TimePickerExpandable.swift in Sources */ = {isa = PBXBuildFile; fileRef = 307BEFED2A28071C004D21AC /* TimePickerExpandable.swift */; };
		307BEFF32A2950EB004D21AC /* NotificationDelegate.swift in Sources */ = {isa = PBXBuildFile; fileRef = 307BEFF22A2950EB004D21AC /* NotificationDelegate.swift */; };
		307BEFF82A29B090004D21AC /* Roadmap.swift in Sources */ = {isa = PBXBuildFile; fileRef = 307BEFF72A29B090004D21AC /* Roadmap.swift */; };
		3080250A2A23B32300491DEA /* SecretDetailView.swift in Sources */ = {isa = PBXBuildFile; fileRef = 308025092A23B32300491DEA /* SecretDetailView.swift */; };
		308B6D0A2AD349D9008A5857 /* ScheduleType.swift in Sources */ = {isa = PBXBuildFile; fileRef = 308B6D092AD349D9008A5857 /* ScheduleType.swift */; };
		308B6D0C2AD34DB0008A5857 /* NotificationHelpers.swift in Sources */ = {isa = PBXBuildFile; fileRef = 308B6D0B2AD34DB0008A5857 /* NotificationHelpers.swift */; };
		30A8146D2A365D5F0032456C /* UIKitTextField.swift in Sources */ = {isa = PBXBuildFile; fileRef = 30A8146C2A365D5F0032456C /* UIKitTextField.swift */; };
		30A814702A3665EB0032456C /* DevNotifications.swift in Sources */ = {isa = PBXBuildFile; fileRef = 30A8146F2A3665EB0032456C /* DevNotifications.swift */; };
		30A814722A3665F80032456C /* DevHapticPlayground.swift in Sources */ = {isa = PBXBuildFile; fileRef = 30A814712A3665F80032456C /* DevHapticPlayground.swift */; };
		30A814742A37BDA30032456C /* DevTextFieldPlayground.swift in Sources */ = {isa = PBXBuildFile; fileRef = 30A814732A37BDA30032456C /* DevTextFieldPlayground.swift */; };
		30A814762A38FB340032456C /* NotificationActionHandler.swift in Sources */ = {isa = PBXBuildFile; fileRef = 30A814752A38FB340032456C /* NotificationActionHandler.swift */; };
		30A8147A2A3E05FE0032456C /* UserDefaultsWrappers.swift in Sources */ = {isa = PBXBuildFile; fileRef = 30A814792A3E05FE0032456C /* UserDefaultsWrappers.swift */; };
		30A8147C2A3E1EFC0032456C /* MindFortContext.swift in Sources */ = {isa = PBXBuildFile; fileRef = 30A8147B2A3E1EFC0032456C /* MindFortContext.swift */; };
		30A814822A3E5DE70032456C /* DemoModeSheet.swift in Sources */ = {isa = PBXBuildFile; fileRef = 30A814812A3E5DE70032456C /* DemoModeSheet.swift */; };
		30A814842A3E64B40032456C /* DemoNavbarToolbarButton.swift in Sources */ = {isa = PBXBuildFile; fileRef = 30A814832A3E64B40032456C /* DemoNavbarToolbarButton.swift */; };
		30A8148D2A400D370032456C /* SpacedRepetitionCategory.swift in Sources */ = {isa = PBXBuildFile; fileRef = 30A8148C2A400D370032456C /* SpacedRepetitionCategory.swift */; };
		30A8148F2A400D7C0032456C /* SecretsVmDataLoaders.swift in Sources */ = {isa = PBXBuildFile; fileRef = 30A8148E2A400D7C0032456C /* SecretsVmDataLoaders.swift */; };
		30A814912A400E200032456C /* SecretCollection.swift in Sources */ = {isa = PBXBuildFile; fileRef = 30A814902A400E200032456C /* SecretCollection.swift */; };
		30C3DDA92A3121940095CB37 /* Hashes.swift in Sources */ = {isa = PBXBuildFile; fileRef = 30C3DDA82A3121940095CB37 /* Hashes.swift */; };
		30C3DDB12A31442C0095CB37 /* CryptographyTests.swift in Sources */ = {isa = PBXBuildFile; fileRef = 30C3DDB02A31442C0095CB37 /* CryptographyTests.swift */; };
		30DC65E02A32D07E00EDB001 /* Clibsodium in Frameworks */ = {isa = PBXBuildFile; productRef = 30DC65DF2A32D07E00EDB001 /* Clibsodium */; };
		30DC65E22A32D07E00EDB001 /* Sodium in Frameworks */ = {isa = PBXBuildFile; productRef = 30DC65E12A32D07E00EDB001 /* Sodium */; };
		30DC65E42A32DB0900EDB001 /* BinaryDisplay.swift in Sources */ = {isa = PBXBuildFile; fileRef = 30DC65E32A32DB0900EDB001 /* BinaryDisplay.swift */; };
		30DC65E62A32DC9B00EDB001 /* BinaryDisplayConstants.swift in Sources */ = {isa = PBXBuildFile; fileRef = 30DC65E52A32DC9B00EDB001 /* BinaryDisplayConstants.swift */; };
		30DE2D7C2DFB02EE00F9E465 /* SecretsNotificationManager.swift in Sources */ = {isa = PBXBuildFile; fileRef = 30DE2D7B2DFB02EE00F9E465 /* SecretsNotificationManager.swift */; };
		30DE2D7D2DFB02EE00F9E465 /* SecretsNotificationManager.swift in Sources */ = {isa = PBXBuildFile; fileRef = 30DE2D7B2DFB02EE00F9E465 /* SecretsNotificationManager.swift */; };
		30DE2D7E2DFB02EE00F9E465 /* SecretsNotificationManager.swift in Sources */ = {isa = PBXBuildFile; fileRef = 30DE2D7B2DFB02EE00F9E465 /* SecretsNotificationManager.swift */; };
		30DE2D802DFB031E00F9E465 /* SecretsPublisherManager.swift in Sources */ = {isa = PBXBuildFile; fileRef = 30DE2D7F2DFB031E00F9E465 /* SecretsPublisherManager.swift */; };
		30DE2D812DFB031E00F9E465 /* SecretsPublisherManager.swift in Sources */ = {isa = PBXBuildFile; fileRef = 30DE2D7F2DFB031E00F9E465 /* SecretsPublisherManager.swift */; };
		30DE2D822DFB031E00F9E465 /* SecretsPublisherManager.swift in Sources */ = {isa = PBXBuildFile; fileRef = 30DE2D7F2DFB031E00F9E465 /* SecretsPublisherManager.swift */; };
		30DE2D842DFB032C00F9E465 /* SecretsDataManager.swift in Sources */ = {isa = PBXBuildFile; fileRef = 30DE2D832DFB032C00F9E465 /* SecretsDataManager.swift */; };
		30DE2D852DFB032C00F9E465 /* SecretsDataManager.swift in Sources */ = {isa = PBXBuildFile; fileRef = 30DE2D832DFB032C00F9E465 /* SecretsDataManager.swift */; };
		30DE2D862DFB032C00F9E465 /* SecretsDataManager.swift in Sources */ = {isa = PBXBuildFile; fileRef = 30DE2D832DFB032C00F9E465 /* SecretsDataManager.swift */; };
		30E3FD152A2AD00C002BFE60 /* SecretQuizView.swift in Sources */ = {isa = PBXBuildFile; fileRef = 30E3FD142A2AD00C002BFE60 /* SecretQuizView.swift */; };
		30E3FD172A2AD6EF002BFE60 /* H4XX0RC0D3.swift in Sources */ = {isa = PBXBuildFile; fileRef = 30E3FD162A2AD6EF002BFE60 /* H4XX0RC0D3.swift */; };
		30E3FD192A2AF538002BFE60 /* SecretQuizInnerView.swift in Sources */ = {isa = PBXBuildFile; fileRef = 30E3FD182A2AF538002BFE60 /* SecretQuizInnerView.swift */; };
		30E3FD1B2A2AF581002BFE60 /* SecretQuizFinishedView.swift in Sources */ = {isa = PBXBuildFile; fileRef = 30E3FD1A2A2AF581002BFE60 /* SecretQuizFinishedView.swift */; };
		30E8165E2A2C57F7002CDD75 /* ShimmeringSystemImage.swift in Sources */ = {isa = PBXBuildFile; fileRef = 30E8165D2A2C57F7002CDD75 /* ShimmeringSystemImage.swift */; };
		30E816602A2CDA59002CDD75 /* ReadSizeModifier.swift in Sources */ = {isa = PBXBuildFile; fileRef = 30E8165F2A2CDA59002CDD75 /* ReadSizeModifier.swift */; };
		30EB50C02A246D96007550D3 /* SettingsSheet.swift in Sources */ = {isa = PBXBuildFile; fileRef = 30EB50BF2A246D96007550D3 /* SettingsSheet.swift */; };
		30EB50C32A24E534007550D3 /* AboutSheet.swift in Sources */ = {isa = PBXBuildFile; fileRef = 30EB50C22A24E534007550D3 /* AboutSheet.swift */; };
		30EB50C62A24E978007550D3 /* RowItemWithIcon.swift in Sources */ = {isa = PBXBuildFile; fileRef = 30EB50C52A24E978007550D3 /* RowItemWithIcon.swift */; };
		30EB50C82A24E9FA007550D3 /* RowItemUrlWithIcon.swift in Sources */ = {isa = PBXBuildFile; fileRef = 30EB50C72A24E9FA007550D3 /* RowItemUrlWithIcon.swift */; };
		30FD057C2A1BDD5C006AB9CC /* MindFortApp.swift in Sources */ = {isa = PBXBuildFile; fileRef = 30FD057B2A1BDD5C006AB9CC /* MindFortApp.swift */; };
		30FD057E2A1BDD5C006AB9CC /* ContentView.swift in Sources */ = {isa = PBXBuildFile; fileRef = 30FD057D2A1BDD5C006AB9CC /* ContentView.swift */; };
		30FD05802A1BDD5F006AB9CC /* Assets.xcassets in Resources */ = {isa = PBXBuildFile; fileRef = 30FD057F2A1BDD5F006AB9CC /* Assets.xcassets */; };
		30FD05842A1BDD5F006AB9CC /* Preview Assets.xcassets in Resources */ = {isa = PBXBuildFile; fileRef = 30FD05832A1BDD5F006AB9CC /* Preview Assets.xcassets */; };
		30FD058E2A1BDD5F006AB9CC /* MindFortTests.swift in Sources */ = {isa = PBXBuildFile; fileRef = 30FD058D2A1BDD5F006AB9CC /* MindFortTests.swift */; };
		30FD05982A1BDD5F006AB9CC /* MindFortUITests.swift in Sources */ = {isa = PBXBuildFile; fileRef = 30FD05972A1BDD5F006AB9CC /* MindFortUITests.swift */; };
		30FD059A2A1BDD5F006AB9CC /* MindFortUITestsLaunchTests.swift in Sources */ = {isa = PBXBuildFile; fileRef = 30FD05992A1BDD5F006AB9CC /* MindFortUITestsLaunchTests.swift */; };
		30FD05B52A1C23CF006AB9CC /* Secret.swift in Sources */ = {isa = PBXBuildFile; fileRef = 30FD05B42A1C23CF006AB9CC /* Secret.swift */; };
		30FD05B72A1C2BAD006AB9CC /* SecretListView.swift in Sources */ = {isa = PBXBuildFile; fileRef = 30FD05B62A1C2BAD006AB9CC /* SecretListView.swift */; };
		30FD05B92A1C2DC9006AB9CC /* MindFortUtilities.swift in Sources */ = {isa = PBXBuildFile; fileRef = 30FD05B82A1C2DC9006AB9CC /* MindFortUtilities.swift */; };
		30FD05BB2A1C6CA7006AB9CC /* SecretsViewModel.swift in Sources */ = {isa = PBXBuildFile; fileRef = 30FD05BA2A1C6CA7006AB9CC /* SecretsViewModel.swift */; };
/* End PBXBuildFile section */

/* Begin PBXContainerItemProxy section */
		30FD058A2A1BDD5F006AB9CC /* PBXContainerItemProxy */ = {
			isa = PBXContainerItemProxy;
			containerPortal = 30FD05702A1BDD5C006AB9CC /* Project object */;
			proxyType = 1;
			remoteGlobalIDString = 30FD05772A1BDD5C006AB9CC;
			remoteInfo = MindFort;
		};
		30FD05942A1BDD5F006AB9CC /* PBXContainerItemProxy */ = {
			isa = PBXContainerItemProxy;
			containerPortal = 30FD05702A1BDD5C006AB9CC /* Project object */;
			proxyType = 1;
			remoteGlobalIDString = 30FD05772A1BDD5C006AB9CC;
			remoteInfo = MindFort;
		};
/* End PBXContainerItemProxy section */

/* Begin PBXFileReference section */
		30286CCC2A25C08B00456CA5 /* CreateSecretSheet.swift */ = {isa = PBXFileReference; lastKnownFileType = sourcecode.swift; path = CreateSecretSheet.swift; sourceTree = "<group>"; };
		30286CD62A269B3600456CA5 /* NotificationManager.swift */ = {isa = PBXFileReference; lastKnownFileType = sourcecode.swift; path = NotificationManager.swift; sourceTree = "<group>"; };
		30286CD82A26A59E00456CA5 /* NotificationList.swift */ = {isa = PBXFileReference; lastKnownFileType = sourcecode.swift; path = NotificationList.swift; sourceTree = "<group>"; };
		30286CDC2A27092B00456CA5 /* TimeRangePicker.swift */ = {isa = PBXFileReference; lastKnownFileType = sourcecode.swift; path = TimeRangePicker.swift; sourceTree = "<group>"; };
		302877FD2A2B917A0065FD0C /* Logging.swift */ = {isa = PBXFileReference; lastKnownFileType = sourcecode.swift; path = Logging.swift; sourceTree = "<group>"; };
		302877FF2A2B921A0065FD0C /* Storage.swift */ = {isa = PBXFileReference; lastKnownFileType = sourcecode.swift; path = Storage.swift; sourceTree = "<group>"; };
		302878012A2BCFD00065FD0C /* HackerCodeRawString.swift */ = {isa = PBXFileReference; lastKnownFileType = sourcecode.swift; path = HackerCodeRawString.swift; sourceTree = "<group>"; };
		302878052A2C52AF0065FD0C /* OnboardingSheet.swift */ = {isa = PBXFileReference; lastKnownFileType = sourcecode.swift; path = OnboardingSheet.swift; sourceTree = "<group>"; };
		307BEFED2A28071C004D21AC /* TimePickerExpandable.swift */ = {isa = PBXFileReference; lastKnownFileType = sourcecode.swift; path = TimePickerExpandable.swift; sourceTree = "<group>"; };
		307BEFF22A2950EB004D21AC /* NotificationDelegate.swift */ = {isa = PBXFileReference; lastKnownFileType = sourcecode.swift; path = NotificationDelegate.swift; sourceTree = "<group>"; };
		307BEFF72A29B090004D21AC /* Roadmap.swift */ = {isa = PBXFileReference; lastKnownFileType = sourcecode.swift; path = Roadmap.swift; sourceTree = "<group>"; };
		308025092A23B32300491DEA /* SecretDetailView.swift */ = {isa = PBXFileReference; lastKnownFileType = sourcecode.swift; path = SecretDetailView.swift; sourceTree = "<group>"; };
		308B6D092AD349D9008A5857 /* ScheduleType.swift */ = {isa = PBXFileReference; lastKnownFileType = sourcecode.swift; path = ScheduleType.swift; sourceTree = "<group>"; };
		308B6D0B2AD34DB0008A5857 /* NotificationHelpers.swift */ = {isa = PBXFileReference; lastKnownFileType = sourcecode.swift; path = NotificationHelpers.swift; sourceTree = "<group>"; };
		30A8146B2A33DAC40032456C /* Visualizations.md */ = {isa = PBXFileReference; lastKnownFileType = net.daringfireball.markdown; path = Visualizations.md; sourceTree = "<group>"; };
		30A8146C2A365D5F0032456C /* UIKitTextField.swift */ = {isa = PBXFileReference; lastKnownFileType = sourcecode.swift; path = UIKitTextField.swift; sourceTree = "<group>"; };
		30A8146F2A3665EB0032456C /* DevNotifications.swift */ = {isa = PBXFileReference; lastKnownFileType = sourcecode.swift; path = DevNotifications.swift; sourceTree = "<group>"; };
		30A814712A3665F80032456C /* DevHapticPlayground.swift */ = {isa = PBXFileReference; lastKnownFileType = sourcecode.swift; path = DevHapticPlayground.swift; sourceTree = "<group>"; };
		30A814732A37BDA30032456C /* DevTextFieldPlayground.swift */ = {isa = PBXFileReference; lastKnownFileType = sourcecode.swift; path = DevTextFieldPlayground.swift; sourceTree = "<group>"; };
		30A814752A38FB340032456C /* NotificationActionHandler.swift */ = {isa = PBXFileReference; lastKnownFileType = sourcecode.swift; path = NotificationActionHandler.swift; sourceTree = "<group>"; };
		30A814792A3E05FE0032456C /* UserDefaultsWrappers.swift */ = {isa = PBXFileReference; lastKnownFileType = sourcecode.swift; path = UserDefaultsWrappers.swift; sourceTree = "<group>"; };
		30A8147B2A3E1EFC0032456C /* MindFortContext.swift */ = {isa = PBXFileReference; lastKnownFileType = sourcecode.swift; path = MindFortContext.swift; sourceTree = "<group>"; };
		30A814812A3E5DE70032456C /* DemoModeSheet.swift */ = {isa = PBXFileReference; lastKnownFileType = sourcecode.swift; path = DemoModeSheet.swift; sourceTree = "<group>"; };
		30A814832A3E64B40032456C /* DemoNavbarToolbarButton.swift */ = {isa = PBXFileReference; lastKnownFileType = sourcecode.swift; path = DemoNavbarToolbarButton.swift; sourceTree = "<group>"; };
		30A8148C2A400D370032456C /* SpacedRepetitionCategory.swift */ = {isa = PBXFileReference; lastKnownFileType = sourcecode.swift; path = SpacedRepetitionCategory.swift; sourceTree = "<group>"; };
		30A8148E2A400D7C0032456C /* SecretsVmDataLoaders.swift */ = {isa = PBXFileReference; lastKnownFileType = sourcecode.swift; path = SecretsVmDataLoaders.swift; sourceTree = "<group>"; };
		30A814902A400E200032456C /* SecretCollection.swift */ = {isa = PBXFileReference; lastKnownFileType = sourcecode.swift; path = SecretCollection.swift; sourceTree = "<group>"; };
		30C3DDA82A3121940095CB37 /* Hashes.swift */ = {isa = PBXFileReference; lastKnownFileType = sourcecode.swift; path = Hashes.swift; sourceTree = "<group>"; };
		30C3DDB02A31442C0095CB37 /* CryptographyTests.swift */ = {isa = PBXFileReference; lastKnownFileType = sourcecode.swift; path = CryptographyTests.swift; sourceTree = "<group>"; };
		30DC65E32A32DB0900EDB001 /* BinaryDisplay.swift */ = {isa = PBXFileReference; lastKnownFileType = sourcecode.swift; path = BinaryDisplay.swift; sourceTree = "<group>"; };
		30DC65E52A32DC9B00EDB001 /* BinaryDisplayConstants.swift */ = {isa = PBXFileReference; lastKnownFileType = sourcecode.swift; path = BinaryDisplayConstants.swift; sourceTree = "<group>"; };
		30DE2D7A2DFAFCE700F9E465 /* NOTES.md */ = {isa = PBXFileReference; lastKnownFileType = net.daringfireball.markdown; path = NOTES.md; sourceTree = "<group>"; };
		30DE2D7B2DFB02EE00F9E465 /* SecretsNotificationManager.swift */ = {isa = PBXFileReference; lastKnownFileType = sourcecode.swift; path = SecretsNotificationManager.swift; sourceTree = "<group>"; };
		30DE2D7F2DFB031E00F9E465 /* SecretsPublisherManager.swift */ = {isa = PBXFileReference; lastKnownFileType = sourcecode.swift; path = SecretsPublisherManager.swift; sourceTree = "<group>"; };
		30DE2D832DFB032C00F9E465 /* SecretsDataManager.swift */ = {isa = PBXFileReference; lastKnownFileType = sourcecode.swift; path = SecretsDataManager.swift; sourceTree = "<group>"; };
		30E3FD142A2AD00C002BFE60 /* SecretQuizView.swift */ = {isa = PBXFileReference; lastKnownFileType = sourcecode.swift; path = SecretQuizView.swift; sourceTree = "<group>"; };
		30E3FD162A2AD6EF002BFE60 /* H4XX0RC0D3.swift */ = {isa = PBXFileReference; lastKnownFileType = sourcecode.swift; path = H4XX0RC0D3.swift; sourceTree = "<group>"; };
		30E3FD182A2AF538002BFE60 /* SecretQuizInnerView.swift */ = {isa = PBXFileReference; lastKnownFileType = sourcecode.swift; path = SecretQuizInnerView.swift; sourceTree = "<group>"; };
		30E3FD1A2A2AF581002BFE60 /* SecretQuizFinishedView.swift */ = {isa = PBXFileReference; lastKnownFileType = sourcecode.swift; path = SecretQuizFinishedView.swift; sourceTree = "<group>"; };
		30E8165D2A2C57F7002CDD75 /* ShimmeringSystemImage.swift */ = {isa = PBXFileReference; lastKnownFileType = sourcecode.swift; path = ShimmeringSystemImage.swift; sourceTree = "<group>"; };
		30E8165F2A2CDA59002CDD75 /* ReadSizeModifier.swift */ = {isa = PBXFileReference; lastKnownFileType = sourcecode.swift; path = ReadSizeModifier.swift; sourceTree = "<group>"; };
		30E816642A2EEE43002CDD75 /* Ideas.md */ = {isa = PBXFileReference; lastKnownFileType = net.daringfireball.markdown; path = Ideas.md; sourceTree = "<group>"; };
		30E816652A2EEE64002CDD75 /* Encryption.md */ = {isa = PBXFileReference; lastKnownFileType = net.daringfireball.markdown; path = Encryption.md; sourceTree = "<group>"; };
		30EB50BF2A246D96007550D3 /* SettingsSheet.swift */ = {isa = PBXFileReference; lastKnownFileType = sourcecode.swift; path = SettingsSheet.swift; sourceTree = "<group>"; };
		30EB50C22A24E534007550D3 /* AboutSheet.swift */ = {isa = PBXFileReference; lastKnownFileType = sourcecode.swift; path = AboutSheet.swift; sourceTree = "<group>"; };
		30EB50C52A24E978007550D3 /* RowItemWithIcon.swift */ = {isa = PBXFileReference; lastKnownFileType = sourcecode.swift; path = RowItemWithIcon.swift; sourceTree = "<group>"; };
		30EB50C72A24E9FA007550D3 /* RowItemUrlWithIcon.swift */ = {isa = PBXFileReference; lastKnownFileType = sourcecode.swift; path = RowItemUrlWithIcon.swift; sourceTree = "<group>"; };
		30FD05782A1BDD5C006AB9CC /* MindFort.app */ = {isa = PBXFileReference; explicitFileType = wrapper.application; includeInIndex = 0; path = MindFort.app; sourceTree = BUILT_PRODUCTS_DIR; };
		30FD057B2A1BDD5C006AB9CC /* MindFortApp.swift */ = {isa = PBXFileReference; lastKnownFileType = sourcecode.swift; path = MindFortApp.swift; sourceTree = "<group>"; };
		30FD057D2A1BDD5C006AB9CC /* ContentView.swift */ = {isa = PBXFileReference; lastKnownFileType = sourcecode.swift; path = ContentView.swift; sourceTree = "<group>"; };
		30FD057F2A1BDD5F006AB9CC /* Assets.xcassets */ = {isa = PBXFileReference; lastKnownFileType = folder.assetcatalog; path = Assets.xcassets; sourceTree = "<group>"; };
		30FD05812A1BDD5F006AB9CC /* MindFort.entitlements */ = {isa = PBXFileReference; lastKnownFileType = text.plist.entitlements; path = MindFort.entitlements; sourceTree = "<group>"; };
		30FD05832A1BDD5F006AB9CC /* Preview Assets.xcassets */ = {isa = PBXFileReference; lastKnownFileType = folder.assetcatalog; path = "Preview Assets.xcassets"; sourceTree = "<group>"; };
		30FD05892A1BDD5F006AB9CC /* MindFortTests.xctest */ = {isa = PBXFileReference; explicitFileType = wrapper.cfbundle; includeInIndex = 0; path = MindFortTests.xctest; sourceTree = BUILT_PRODUCTS_DIR; };
		30FD058D2A1BDD5F006AB9CC /* MindFortTests.swift */ = {isa = PBXFileReference; lastKnownFileType = sourcecode.swift; path = MindFortTests.swift; sourceTree = "<group>"; };
		30FD05932A1BDD5F006AB9CC /* MindFortUITests.xctest */ = {isa = PBXFileReference; explicitFileType = wrapper.cfbundle; includeInIndex = 0; path = MindFortUITests.xctest; sourceTree = BUILT_PRODUCTS_DIR; };
		30FD05972A1BDD5F006AB9CC /* MindFortUITests.swift */ = {isa = PBXFileReference; lastKnownFileType = sourcecode.swift; path = MindFortUITests.swift; sourceTree = "<group>"; };
		30FD05992A1BDD5F006AB9CC /* MindFortUITestsLaunchTests.swift */ = {isa = PBXFileReference; lastKnownFileType = sourcecode.swift; path = MindFortUITestsLaunchTests.swift; sourceTree = "<group>"; };
		30FD05B42A1C23CF006AB9CC /* Secret.swift */ = {isa = PBXFileReference; lastKnownFileType = sourcecode.swift; path = Secret.swift; sourceTree = "<group>"; };
		30FD05B62A1C2BAD006AB9CC /* SecretListView.swift */ = {isa = PBXFileReference; lastKnownFileType = sourcecode.swift; path = SecretListView.swift; sourceTree = "<group>"; };
		30FD05B82A1C2DC9006AB9CC /* MindFortUtilities.swift */ = {isa = PBXFileReference; lastKnownFileType = sourcecode.swift; path = MindFortUtilities.swift; sourceTree = "<group>"; };
		30FD05BA2A1C6CA7006AB9CC /* SecretsViewModel.swift */ = {isa = PBXFileReference; lastKnownFileType = sourcecode.swift; path = SecretsViewModel.swift; sourceTree = "<group>"; };
/* End PBXFileReference section */

/* Begin PBXFrameworksBuildPhase section */
		30FD05752A1BDD5C006AB9CC /* Frameworks */ = {
			isa = PBXFrameworksBuildPhase;
			buildActionMask = 2147483647;
			files = (
				30DC65E02A32D07E00EDB001 /* Clibsodium in Frameworks */,
				30DC65E22A32D07E00EDB001 /* Sodium in Frameworks */,
			);
			runOnlyForDeploymentPostprocessing = 0;
		};
		30FD05862A1BDD5F006AB9CC /* Frameworks */ = {
			isa = PBXFrameworksBuildPhase;
			buildActionMask = 2147483647;
			files = (
			);
			runOnlyForDeploymentPostprocessing = 0;
		};
		30FD05902A1BDD5F006AB9CC /* Frameworks */ = {
			isa = PBXFrameworksBuildPhase;
			buildActionMask = 2147483647;
			files = (
			);
			runOnlyForDeploymentPostprocessing = 0;
		};
/* End PBXFrameworksBuildPhase section */

/* Begin PBXGroup section */
		30286CD02A26910E00456CA5 /* Observables */ = {
			isa = PBXGroup;
			children = (
				30DE2D7F2DFB031E00F9E465 /* SecretsPublisherManager.swift */,
				30286CD82A26A59E00456CA5 /* NotificationList.swift */,
				30A814752A38FB340032456C /* NotificationActionHandler.swift */,
			);
			path = Observables;
			sourceTree = "<group>";
		};
		30286CD52A269B2000456CA5 /* Managers */ = {
			isa = PBXGroup;
			children = (
				30286CD62A269B3600456CA5 /* NotificationManager.swift */,
				30DE2D7B2DFB02EE00F9E465 /* SecretsNotificationManager.swift */,
			);
			path = Managers;
			sourceTree = "<group>";
		};
		302878032A2C522C0065FD0C /* SecretQuiz */ = {
			isa = PBXGroup;
			children = (
				30E3FD142A2AD00C002BFE60 /* SecretQuizView.swift */,
				30E3FD182A2AF538002BFE60 /* SecretQuizInnerView.swift */,
				30E3FD1A2A2AF581002BFE60 /* SecretQuizFinishedView.swift */,
			);
			path = SecretQuiz;
			sourceTree = "<group>";
		};
		302878042A2C523E0065FD0C /* SecretListViewSheets */ = {
			isa = PBXGroup;
			children = (
				30EB50C22A24E534007550D3 /* AboutSheet.swift */,
				30286CCC2A25C08B00456CA5 /* CreateSecretSheet.swift */,
				30A814812A3E5DE70032456C /* DemoModeSheet.swift */,
				30A814712A3665F80032456C /* DevHapticPlayground.swift */,
				30A8146F2A3665EB0032456C /* DevNotifications.swift */,
				30A814732A37BDA30032456C /* DevTextFieldPlayground.swift */,
				302878052A2C52AF0065FD0C /* OnboardingSheet.swift */,
				307BEFF72A29B090004D21AC /* Roadmap.swift */,
				30EB50BF2A246D96007550D3 /* SettingsSheet.swift */,
			);
			path = SecretListViewSheets;
			sourceTree = "<group>";
		};
		304F43582A27C82800FE08DF /* ViewModels */ = {
			isa = PBXGroup;
			children = (
				30FD05BA2A1C6CA7006AB9CC /* SecretsViewModel.swift */,
				30A8148E2A400D7C0032456C /* SecretsVmDataLoaders.swift */,
			);
			path = ViewModels;
			sourceTree = "<group>";
		};
		307BEFF12A2950D9004D21AC /* Delegates */ = {
			isa = PBXGroup;
			children = (
				307BEFF22A2950EB004D21AC /* NotificationDelegate.swift */,
			);
			path = Delegates;
			sourceTree = "<group>";
		};
		30A814782A3E05B50032456C /* Storage */ = {
			isa = PBXGroup;
			children = (
				30DE2D832DFB032C00F9E465 /* SecretsDataManager.swift */,
				302877FF2A2B921A0065FD0C /* Storage.swift */,
				30A814792A3E05FE0032456C /* UserDefaultsWrappers.swift */,
			);
			path = Storage;
			sourceTree = "<group>";
		};
		30A814852A3EB20C0032456C /* Views */ = {
			isa = PBXGroup;
			children = (
				30EB50CC2A25BF2E007550D3 /* Screens */,
				30EB50C42A24E94F007550D3 /* Components */,
			);
			path = Views;
			sourceTree = "<group>";
		};
		30A814862A3EB23A0032456C /* Models */ = {
			isa = PBXGroup;
			children = (
				30FD05B42A1C23CF006AB9CC /* Secret.swift */,
				308B6D092AD349D9008A5857 /* ScheduleType.swift */,
				30A814902A400E200032456C /* SecretCollection.swift */,
				30A8148C2A400D370032456C /* SpacedRepetitionCategory.swift */,
				30C3DDA82A3121940095CB37 /* Hashes.swift */,
				30DC65E32A32DB0900EDB001 /* BinaryDisplay.swift */,
				30DC65E52A32DC9B00EDB001 /* BinaryDisplayConstants.swift */,
			);
			path = Models;
			sourceTree = "<group>";
		};
		30A814872A3EB26B0032456C /* Helpers */ = {
			isa = PBXGroup;
			children = (
				30FD05B82A1C2DC9006AB9CC /* MindFortUtilities.swift */,
				302877FD2A2B917A0065FD0C /* Logging.swift */,
				30A8147B2A3E1EFC0032456C /* MindFortContext.swift */,
				308B6D0B2AD34DB0008A5857 /* NotificationHelpers.swift */,
			);
			path = Helpers;
			sourceTree = "<group>";
		};
		30C3DDAA2A3135EC0095CB37 /* Frameworks */ = {
			isa = PBXGroup;
			children = (
			);
			name = Frameworks;
			sourceTree = "<group>";
		};
		30E816632A2EEE16002CDD75 /* Docs */ = {
			isa = PBXGroup;
			children = (
				30DE2D7A2DFAFCE700F9E465 /* NOTES.md */,
				30E816642A2EEE43002CDD75 /* Ideas.md */,
				30E816652A2EEE64002CDD75 /* Encryption.md */,
				30A8146B2A33DAC40032456C /* Visualizations.md */,
			);
			path = Docs;
			sourceTree = "<group>";
		};
		30EB50C42A24E94F007550D3 /* Components */ = {
			isa = PBXGroup;
			children = (
				30EB50C52A24E978007550D3 /* RowItemWithIcon.swift */,
				30EB50C72A24E9FA007550D3 /* RowItemUrlWithIcon.swift */,
				30286CDC2A27092B00456CA5 /* TimeRangePicker.swift */,
				307BEFED2A28071C004D21AC /* TimePickerExpandable.swift */,
				30E3FD162A2AD6EF002BFE60 /* H4XX0RC0D3.swift */,
				302878012A2BCFD00065FD0C /* HackerCodeRawString.swift */,
				30E8165D2A2C57F7002CDD75 /* ShimmeringSystemImage.swift */,
				30E8165F2A2CDA59002CDD75 /* ReadSizeModifier.swift */,
				30A8146C2A365D5F0032456C /* UIKitTextField.swift */,
				30A814832A3E64B40032456C /* DemoNavbarToolbarButton.swift */,
			);
			path = Components;
			sourceTree = "<group>";
		};
		30EB50CC2A25BF2E007550D3 /* Screens */ = {
			isa = PBXGroup;
			children = (
				30FD057D2A1BDD5C006AB9CC /* ContentView.swift */,
				30FD05B62A1C2BAD006AB9CC /* SecretListView.swift */,
				308025092A23B32300491DEA /* SecretDetailView.swift */,
				302878042A2C523E0065FD0C /* SecretListViewSheets */,
				302878032A2C522C0065FD0C /* SecretQuiz */,
			);
			path = Screens;
			sourceTree = "<group>";
		};
		30FD056F2A1BDD5C006AB9CC = {
			isa = PBXGroup;
			children = (
				30E816632A2EEE16002CDD75 /* Docs */,
				30FD057A2A1BDD5C006AB9CC /* MindFort */,
				30FD058C2A1BDD5F006AB9CC /* MindFortTests */,
				30FD05962A1BDD5F006AB9CC /* MindFortUITests */,
				30FD05792A1BDD5C006AB9CC /* Products */,
				30C3DDAA2A3135EC0095CB37 /* Frameworks */,
			);
			sourceTree = "<group>";
		};
		30FD05792A1BDD5C006AB9CC /* Products */ = {
			isa = PBXGroup;
			children = (
				30FD05782A1BDD5C006AB9CC /* MindFort.app */,
				30FD05892A1BDD5F006AB9CC /* MindFortTests.xctest */,
				30FD05932A1BDD5F006AB9CC /* MindFortUITests.xctest */,
			);
			name = Products;
			sourceTree = "<group>";
		};
		30FD057A2A1BDD5C006AB9CC /* MindFort */ = {
			isa = PBXGroup;
			children = (
				30FD057B2A1BDD5C006AB9CC /* MindFortApp.swift */,
				30A814852A3EB20C0032456C /* Views */,
				304F43582A27C82800FE08DF /* ViewModels */,
				30A814862A3EB23A0032456C /* Models */,
				30A814782A3E05B50032456C /* Storage */,
				30286CD02A26910E00456CA5 /* Observables */,
				30286CD52A269B2000456CA5 /* Managers */,
				307BEFF12A2950D9004D21AC /* Delegates */,
				30A814872A3EB26B0032456C /* Helpers */,
				30FD057F2A1BDD5F006AB9CC /* Assets.xcassets */,
				30FD05812A1BDD5F006AB9CC /* MindFort.entitlements */,
				30FD05822A1BDD5F006AB9CC /* Preview Content */,
			);
			path = MindFort;
			sourceTree = "<group>";
		};
		30FD05822A1BDD5F006AB9CC /* Preview Content */ = {
			isa = PBXGroup;
			children = (
				30FD05832A1BDD5F006AB9CC /* Preview Assets.xcassets */,
			);
			path = "Preview Content";
			sourceTree = "<group>";
		};
		30FD058C2A1BDD5F006AB9CC /* MindFortTests */ = {
			isa = PBXGroup;
			children = (
				30FD058D2A1BDD5F006AB9CC /* MindFortTests.swift */,
				30C3DDB02A31442C0095CB37 /* CryptographyTests.swift */,
			);
			path = MindFortTests;
			sourceTree = "<group>";
		};
		30FD05962A1BDD5F006AB9CC /* MindFortUITests */ = {
			isa = PBXGroup;
			children = (
				30FD05972A1BDD5F006AB9CC /* MindFortUITests.swift */,
				30FD05992A1BDD5F006AB9CC /* MindFortUITestsLaunchTests.swift */,
			);
			path = MindFortUITests;
			sourceTree = "<group>";
		};
/* End PBXGroup section */

/* Begin PBXNativeTarget section */
		30FD05772A1BDD5C006AB9CC /* MindFort */ = {
			isa = PBXNativeTarget;
			buildConfigurationList = 30FD059D2A1BDD5F006AB9CC /* Build configuration list for PBXNativeTarget "MindFort" */;
			buildPhases = (
				30FD05742A1BDD5C006AB9CC /* Sources */,
				30FD05752A1BDD5C006AB9CC /* Frameworks */,
				30FD05762A1BDD5C006AB9CC /* Resources */,
			);
			buildRules = (
			);
			dependencies = (
			);
			name = MindFort;
			packageProductDependencies = (
				30DC65DF2A32D07E00EDB001 /* Clibsodium */,
				30DC65E12A32D07E00EDB001 /* Sodium */,
			);
			productName = MindFort;
			productReference = 30FD05782A1BDD5C006AB9CC /* MindFort.app */;
			productType = "com.apple.product-type.application";
		};
		30FD05882A1BDD5F006AB9CC /* MindFortTests */ = {
			isa = PBXNativeTarget;
			buildConfigurationList = 30FD05A02A1BDD5F006AB9CC /* Build configuration list for PBXNativeTarget "MindFortTests" */;
			buildPhases = (
				30FD05852A1BDD5F006AB9CC /* Sources */,
				30FD05862A1BDD5F006AB9CC /* Frameworks */,
				30FD05872A1BDD5F006AB9CC /* Resources */,
			);
			buildRules = (
			);
			dependencies = (
				30FD058B2A1BDD5F006AB9CC /* PBXTargetDependency */,
			);
			name = MindFortTests;
			productName = MindFortTests;
			productReference = 30FD05892A1BDD5F006AB9CC /* MindFortTests.xctest */;
			productType = "com.apple.product-type.bundle.unit-test";
		};
		30FD05922A1BDD5F006AB9CC /* MindFortUITests */ = {
			isa = PBXNativeTarget;
			buildConfigurationList = 30FD05A32A1BDD5F006AB9CC /* Build configuration list for PBXNativeTarget "MindFortUITests" */;
			buildPhases = (
				30FD058F2A1BDD5F006AB9CC /* Sources */,
				30FD05902A1BDD5F006AB9CC /* Frameworks */,
				30FD05912A1BDD5F006AB9CC /* Resources */,
			);
			buildRules = (
			);
			dependencies = (
				30FD05952A1BDD5F006AB9CC /* PBXTargetDependency */,
			);
			name = MindFortUITests;
			productName = MindFortUITests;
			productReference = 30FD05932A1BDD5F006AB9CC /* MindFortUITests.xctest */;
			productType = "com.apple.product-type.bundle.ui-testing";
		};
/* End PBXNativeTarget section */

/* Begin PBXProject section */
		30FD05702A1BDD5C006AB9CC /* Project object */ = {
			isa = PBXProject;
			attributes = {
				BuildIndependentTargetsInParallel = 1;
				LastSwiftUpdateCheck = 1430;
				LastUpgradeCheck = 1500;
				TargetAttributes = {
					30FD05772A1BDD5C006AB9CC = {
						CreatedOnToolsVersion = 14.3;
					};
					30FD05882A1BDD5F006AB9CC = {
						CreatedOnToolsVersion = 14.3;
						TestTargetID = 30FD05772A1BDD5C006AB9CC;
					};
					30FD05922A1BDD5F006AB9CC = {
						CreatedOnToolsVersion = 14.3;
						TestTargetID = 30FD05772A1BDD5C006AB9CC;
					};
				};
			};
			buildConfigurationList = 30FD05732A1BDD5C006AB9CC /* Build configuration list for PBXProject "MindFort" */;
			compatibilityVersion = "Xcode 14.0";
			developmentRegion = en;
			hasScannedForEncodings = 0;
			knownRegions = (
				en,
				Base,
			);
			mainGroup = 30FD056F2A1BDD5C006AB9CC;
			packageReferences = (
				30DC65DE2A32D07E00EDB001 /* XCRemoteSwiftPackageReference "swift-sodium" */,
			);
			productRefGroup = 30FD05792A1BDD5C006AB9CC /* Products */;
			projectDirPath = "";
			projectRoot = "";
			targets = (
				30FD05772A1BDD5C006AB9CC /* MindFort */,
				30FD05882A1BDD5F006AB9CC /* MindFortTests */,
				30FD05922A1BDD5F006AB9CC /* MindFortUITests */,
			);
		};
/* End PBXProject section */

/* Begin PBXResourcesBuildPhase section */
		30FD05762A1BDD5C006AB9CC /* Resources */ = {
			isa = PBXResourcesBuildPhase;
			buildActionMask = 2147483647;
			files = (
				30FD05842A1BDD5F006AB9CC /* Preview Assets.xcassets in Resources */,
				30FD05802A1BDD5F006AB9CC /* Assets.xcassets in Resources */,
			);
			runOnlyForDeploymentPostprocessing = 0;
		};
		30FD05872A1BDD5F006AB9CC /* Resources */ = {
			isa = PBXResourcesBuildPhase;
			buildActionMask = 2147483647;
			files = (
			);
			runOnlyForDeploymentPostprocessing = 0;
		};
		30FD05912A1BDD5F006AB9CC /* Resources */ = {
			isa = PBXResourcesBuildPhase;
			buildActionMask = 2147483647;
			files = (
			);
			runOnlyForDeploymentPostprocessing = 0;
		};
/* End PBXResourcesBuildPhase section */

/* Begin PBXSourcesBuildPhase section */
		30FD05742A1BDD5C006AB9CC /* Sources */ = {
			isa = PBXSourcesBuildPhase;
			buildActionMask = 2147483647;
			files = (
				30E3FD152A2AD00C002BFE60 /* SecretQuizView.swift in Sources */,
				302877FE2A2B917A0065FD0C /* Logging.swift in Sources */,
				308B6D0C2AD34DB0008A5857 /* NotificationHelpers.swift in Sources */,
				30A814912A400E200032456C /* SecretCollection.swift in Sources */,
				30A814762A38FB340032456C /* NotificationActionHandler.swift in Sources */,
				30A8147A2A3E05FE0032456C /* UserDefaultsWrappers.swift in Sources */,
				30FD05B52A1C23CF006AB9CC /* Secret.swift in Sources */,
				30E3FD1B2A2AF581002BFE60 /* SecretQuizFinishedView.swift in Sources */,
				30E8165E2A2C57F7002CDD75 /* ShimmeringSystemImage.swift in Sources */,
				30EB50C02A246D96007550D3 /* SettingsSheet.swift in Sources */,
				30A8148F2A400D7C0032456C /* SecretsVmDataLoaders.swift in Sources */,
				30EB50C82A24E9FA007550D3 /* RowItemUrlWithIcon.swift in Sources */,
				307BEFF32A2950EB004D21AC /* NotificationDelegate.swift in Sources */,
				307BEFEE2A28071D004D21AC /* TimePickerExpandable.swift in Sources */,
				30A814702A3665EB0032456C /* DevNotifications.swift in Sources */,
				308B6D0A2AD349D9008A5857 /* ScheduleType.swift in Sources */,
				30FD057E2A1BDD5C006AB9CC /* ContentView.swift in Sources */,
				307BEFF82A29B090004D21AC /* Roadmap.swift in Sources */,
				30DC65E62A32DC9B00EDB001 /* BinaryDisplayConstants.swift in Sources */,
				30A814742A37BDA30032456C /* DevTextFieldPlayground.swift in Sources */,
				30A8146D2A365D5F0032456C /* UIKitTextField.swift in Sources */,
				30FD057C2A1BDD5C006AB9CC /* MindFortApp.swift in Sources */,
				30286CD72A269B3600456CA5 /* NotificationManager.swift in Sources */,
				302878002A2B921A0065FD0C /* Storage.swift in Sources */,
				30DE2D7E2DFB02EE00F9E465 /* SecretsNotificationManager.swift in Sources */,
				30DE2D802DFB031E00F9E465 /* SecretsPublisherManager.swift in Sources */,
				30FD05B72A1C2BAD006AB9CC /* SecretListView.swift in Sources */,
				30EB50C62A24E978007550D3 /* RowItemWithIcon.swift in Sources */,
				30A8147C2A3E1EFC0032456C /* MindFortContext.swift in Sources */,
				3080250A2A23B32300491DEA /* SecretDetailView.swift in Sources */,
				302878022A2BCFD00065FD0C /* HackerCodeRawString.swift in Sources */,
				302878062A2C52AF0065FD0C /* OnboardingSheet.swift in Sources */,
				30E3FD192A2AF538002BFE60 /* SecretQuizInnerView.swift in Sources */,
				30DE2D862DFB032C00F9E465 /* SecretsDataManager.swift in Sources */,
				30DC65E42A32DB0900EDB001 /* BinaryDisplay.swift in Sources */,
				30FD05B92A1C2DC9006AB9CC /* MindFortUtilities.swift in Sources */,
				30286CCD2A25C08B00456CA5 /* CreateSecretSheet.swift in Sources */,
				30A814842A3E64B40032456C /* DemoNavbarToolbarButton.swift in Sources */,
				30A814722A3665F80032456C /* DevHapticPlayground.swift in Sources */,
				30EB50C32A24E534007550D3 /* AboutSheet.swift in Sources */,
				30E816602A2CDA59002CDD75 /* ReadSizeModifier.swift in Sources */,
				30286CDD2A27092B00456CA5 /* TimeRangePicker.swift in Sources */,
				30A8148D2A400D370032456C /* SpacedRepetitionCategory.swift in Sources */,
				30FD05BB2A1C6CA7006AB9CC /* SecretsViewModel.swift in Sources */,
				30A814822A3E5DE70032456C /* DemoModeSheet.swift in Sources */,
				30286CD92A26A59E00456CA5 /* NotificationList.swift in Sources */,
				30E3FD172A2AD6EF002BFE60 /* H4XX0RC0D3.swift in Sources */,
				30C3DDA92A3121940095CB37 /* Hashes.swift in Sources */,
			);
			runOnlyForDeploymentPostprocessing = 0;
		};
		30FD05852A1BDD5F006AB9CC /* Sources */ = {
			isa = PBXSourcesBuildPhase;
			buildActionMask = 2147483647;
			files = (
				30DE2D7D2DFB02EE00F9E465 /* SecretsNotificationManager.swift in Sources */,
				30FD058E2A1BDD5F006AB9CC /* MindFortTests.swift in Sources */,
				30DE2D842DFB032C00F9E465 /* SecretsDataManager.swift in Sources */,
				30DE2D812DFB031E00F9E465 /* SecretsPublisherManager.swift in Sources */,
				30C3DDB12A31442C0095CB37 /* CryptographyTests.swift in Sources */,
			);
			runOnlyForDeploymentPostprocessing = 0;
		};
		30FD058F2A1BDD5F006AB9CC /* Sources */ = {
			isa = PBXSourcesBuildPhase;
			buildActionMask = 2147483647;
			files = (
				30DE2D7C2DFB02EE00F9E465 /* SecretsNotificationManager.swift in Sources */,
				30FD059A2A1BDD5F006AB9CC /* MindFortUITestsLaunchTests.swift in Sources */,
				30DE2D852DFB032C00F9E465 /* SecretsDataManager.swift in Sources */,
				30DE2D822DFB031E00F9E465 /* SecretsPublisherManager.swift in Sources */,
				30FD05982A1BDD5F006AB9CC /* MindFortUITests.swift in Sources */,
			);
			runOnlyForDeploymentPostprocessing = 0;
		};
/* End PBXSourcesBuildPhase section */

/* Begin PBXTargetDependency section */
		30FD058B2A1BDD5F006AB9CC /* PBXTargetDependency */ = {
			isa = PBXTargetDependency;
			target = 30FD05772A1BDD5C006AB9CC /* MindFort */;
			targetProxy = 30FD058A2A1BDD5F006AB9CC /* PBXContainerItemProxy */;
		};
		30FD05952A1BDD5F006AB9CC /* PBXTargetDependency */ = {
			isa = PBXTargetDependency;
			target = 30FD05772A1BDD5C006AB9CC /* MindFort */;
			targetProxy = 30FD05942A1BDD5F006AB9CC /* PBXContainerItemProxy */;
		};
/* End PBXTargetDependency section */

/* Begin XCBuildConfiguration section */
		30FD059B2A1BDD5F006AB9CC /* Debug */ = {
			isa = XCBuildConfiguration;
			buildSettings = {
				ALWAYS_SEARCH_USER_PATHS = NO;
				CLANG_ANALYZER_NONNULL = YES;
				CLANG_ANALYZER_NUMBER_OBJECT_CONVERSION = YES_AGGRESSIVE;
				CLANG_CXX_LANGUAGE_STANDARD = "gnu++20";
				CLANG_ENABLE_MODULES = YES;
				CLANG_ENABLE_OBJC_ARC = YES;
				CLANG_ENABLE_OBJC_WEAK = YES;
				CLANG_WARN_BLOCK_CAPTURE_AUTORELEASING = YES;
				CLANG_WARN_BOOL_CONVERSION = YES;
				CLANG_WARN_COMMA = YES;
				CLANG_WARN_CONSTANT_CONVERSION = YES;
				CLANG_WARN_DEPRECATED_OBJC_IMPLEMENTATIONS = YES;
				CLANG_WARN_DIRECT_OBJC_ISA_USAGE = YES_ERROR;
				CLANG_WARN_DOCUMENTATION_COMMENTS = YES;
				CLANG_WARN_EMPTY_BODY = YES;
				CLANG_WARN_ENUM_CONVERSION = YES;
				CLANG_WARN_INFINITE_RECURSION = YES;
				CLANG_WARN_INT_CONVERSION = YES;
				CLANG_WARN_NON_LITERAL_NULL_CONVERSION = YES;
				CLANG_WARN_OBJC_IMPLICIT_RETAIN_SELF = YES;
				CLANG_WARN_OBJC_LITERAL_CONVERSION = YES;
				CLANG_WARN_OBJC_ROOT_CLASS = YES_ERROR;
				CLANG_WARN_QUOTED_INCLUDE_IN_FRAMEWORK_HEADER = YES;
				CLANG_WARN_RANGE_LOOP_ANALYSIS = YES;
				CLANG_WARN_STRICT_PROTOTYPES = YES;
				CLANG_WARN_SUSPICIOUS_MOVE = YES;
				CLANG_WARN_UNGUARDED_AVAILABILITY = YES_AGGRESSIVE;
				CLANG_WARN_UNREACHABLE_CODE = YES;
				CLANG_WARN__DUPLICATE_METHOD_MATCH = YES;
				COPY_PHASE_STRIP = NO;
				DEAD_CODE_STRIPPING = YES;
				DEBUG_INFORMATION_FORMAT = dwarf;
				ENABLE_STRICT_OBJC_MSGSEND = YES;
				ENABLE_TESTABILITY = YES;
				ENABLE_USER_SCRIPT_SANDBOXING = YES;
				GCC_C_LANGUAGE_STANDARD = gnu11;
				GCC_DYNAMIC_NO_PIC = NO;
				GCC_NO_COMMON_BLOCKS = YES;
				GCC_OPTIMIZATION_LEVEL = 0;
				GCC_PREPROCESSOR_DEFINITIONS = (
					"DEBUG=1",
					"$(inherited)",
				);
				GCC_WARN_64_TO_32_BIT_CONVERSION = YES;
				GCC_WARN_ABOUT_RETURN_TYPE = YES_ERROR;
				GCC_WARN_UNDECLARED_SELECTOR = YES;
				GCC_WARN_UNINITIALIZED_AUTOS = YES_AGGRESSIVE;
				GCC_WARN_UNUSED_FUNCTION = YES;
				GCC_WARN_UNUSED_VARIABLE = YES;
				MTL_ENABLE_DEBUG_INFO = INCLUDE_SOURCE;
				MTL_FAST_MATH = YES;
				ONLY_ACTIVE_ARCH = YES;
				SWIFT_ACTIVE_COMPILATION_CONDITIONS = DEBUG;
				SWIFT_OPTIMIZATION_LEVEL = "-Onone";
			};
			name = Debug;
		};
		30FD059C2A1BDD5F006AB9CC /* Release */ = {
			isa = XCBuildConfiguration;
			buildSettings = {
				ALWAYS_SEARCH_USER_PATHS = NO;
				CLANG_ANALYZER_NONNULL = YES;
				CLANG_ANALYZER_NUMBER_OBJECT_CONVERSION = YES_AGGRESSIVE;
				CLANG_CXX_LANGUAGE_STANDARD = "gnu++20";
				CLANG_ENABLE_MODULES = YES;
				CLANG_ENABLE_OBJC_ARC = YES;
				CLANG_ENABLE_OBJC_WEAK = YES;
				CLANG_WARN_BLOCK_CAPTURE_AUTORELEASING = YES;
				CLANG_WARN_BOOL_CONVERSION = YES;
				CLANG_WARN_COMMA = YES;
				CLANG_WARN_CONSTANT_CONVERSION = YES;
				CLANG_WARN_DEPRECATED_OBJC_IMPLEMENTATIONS = YES;
				CLANG_WARN_DIRECT_OBJC_ISA_USAGE = YES_ERROR;
				CLANG_WARN_DOCUMENTATION_COMMENTS = YES;
				CLANG_WARN_EMPTY_BODY = YES;
				CLANG_WARN_ENUM_CONVERSION = YES;
				CLANG_WARN_INFINITE_RECURSION = YES;
				CLANG_WARN_INT_CONVERSION = YES;
				CLANG_WARN_NON_LITERAL_NULL_CONVERSION = YES;
				CLANG_WARN_OBJC_IMPLICIT_RETAIN_SELF = YES;
				CLANG_WARN_OBJC_LITERAL_CONVERSION = YES;
				CLANG_WARN_OBJC_ROOT_CLASS = YES_ERROR;
				CLANG_WARN_QUOTED_INCLUDE_IN_FRAMEWORK_HEADER = YES;
				CLANG_WARN_RANGE_LOOP_ANALYSIS = YES;
				CLANG_WARN_STRICT_PROTOTYPES = YES;
				CLANG_WARN_SUSPICIOUS_MOVE = YES;
				CLANG_WARN_UNGUARDED_AVAILABILITY = YES_AGGRESSIVE;
				CLANG_WARN_UNREACHABLE_CODE = YES;
				CLANG_WARN__DUPLICATE_METHOD_MATCH = YES;
				COPY_PHASE_STRIP = NO;
				DEAD_CODE_STRIPPING = YES;
				DEBUG_INFORMATION_FORMAT = "dwarf-with-dsym";
				ENABLE_NS_ASSERTIONS = NO;
				ENABLE_STRICT_OBJC_MSGSEND = YES;
				ENABLE_USER_SCRIPT_SANDBOXING = YES;
				GCC_C_LANGUAGE_STANDARD = gnu11;
				GCC_NO_COMMON_BLOCKS = YES;
				GCC_WARN_64_TO_32_BIT_CONVERSION = YES;
				GCC_WARN_ABOUT_RETURN_TYPE = YES_ERROR;
				GCC_WARN_UNDECLARED_SELECTOR = YES;
				GCC_WARN_UNINITIALIZED_AUTOS = YES_AGGRESSIVE;
				GCC_WARN_UNUSED_FUNCTION = YES;
				GCC_WARN_UNUSED_VARIABLE = YES;
				MTL_ENABLE_DEBUG_INFO = NO;
				MTL_FAST_MATH = YES;
				SWIFT_COMPILATION_MODE = wholemodule;
				SWIFT_OPTIMIZATION_LEVEL = "-O";
			};
			name = Release;
		};
		30FD059E2A1BDD5F006AB9CC /* Debug */ = {
			isa = XCBuildConfiguration;
			buildSettings = {
				ASSETCATALOG_COMPILER_APPICON_NAME = AppIcon;
				ASSETCATALOG_COMPILER_GLOBAL_ACCENT_COLOR_NAME = AccentColor;
				CODE_SIGN_ENTITLEMENTS = MindFort/MindFort.entitlements;
				CODE_SIGN_IDENTITY = "Apple Development";
				CODE_SIGN_STYLE = Automatic;
				CURRENT_PROJECT_VERSION = 1;
				DEAD_CODE_STRIPPING = YES;
				DEVELOPMENT_ASSET_PATHS = "\"MindFort/Preview Content\"";
				DEVELOPMENT_TEAM = Z6P9UD2GQT;
				ENABLE_HARDENED_RUNTIME = YES;
				ENABLE_PREVIEWS = YES;
				GENERATE_INFOPLIST_FILE = YES;
				INFOPLIST_KEY_NSFaceIDUsageDescription = "Please authenticate yourself to allow changing sensitive settings";
				"INFOPLIST_KEY_UIApplicationSceneManifest_Generation[sdk=iphoneos*]" = YES;
				"INFOPLIST_KEY_UIApplicationSceneManifest_Generation[sdk=iphonesimulator*]" = YES;
				"INFOPLIST_KEY_UIApplicationSupportsIndirectInputEvents[sdk=iphoneos*]" = YES;
				"INFOPLIST_KEY_UIApplicationSupportsIndirectInputEvents[sdk=iphonesimulator*]" = YES;
				"INFOPLIST_KEY_UILaunchScreen_Generation[sdk=iphoneos*]" = YES;
				"INFOPLIST_KEY_UILaunchScreen_Generation[sdk=iphonesimulator*]" = YES;
				"INFOPLIST_KEY_UIStatusBarStyle[sdk=iphoneos*]" = UIStatusBarStyleDefault;
				"INFOPLIST_KEY_UIStatusBarStyle[sdk=iphonesimulator*]" = UIStatusBarStyleDefault;
				INFOPLIST_KEY_UISupportedInterfaceOrientations_iPad = "UIInterfaceOrientationPortrait UIInterfaceOrientationPortraitUpsideDown UIInterfaceOrientationLandscapeLeft UIInterfaceOrientationLandscapeRight";
				INFOPLIST_KEY_UISupportedInterfaceOrientations_iPhone = "UIInterfaceOrientationPortrait UIInterfaceOrientationLandscapeLeft UIInterfaceOrientationLandscapeRight";
				IPHONEOS_DEPLOYMENT_TARGET = 16.4;
				LD_RUNPATH_SEARCH_PATHS = "@executable_path/Frameworks";
				"LD_RUNPATH_SEARCH_PATHS[sdk=macosx*]" = "@executable_path/../Frameworks";
				MACOSX_DEPLOYMENT_TARGET = 13.3;
				MARKETING_VERSION = 1.0;
				PRODUCT_BUNDLE_IDENTIFIER = com.micahrl.MindFort;
				PRODUCT_NAME = "$(TARGET_NAME)";
				PROVISIONING_PROFILE_SPECIFIER = "";
				SDKROOT = auto;
				SUPPORTED_PLATFORMS = "iphoneos iphonesimulator macosx";
				SWIFT_EMIT_LOC_STRINGS = YES;
				SWIFT_VERSION = 5.0;
				TARGETED_DEVICE_FAMILY = "1,2";
			};
			name = Debug;
		};
		30FD059F2A1BDD5F006AB9CC /* Release */ = {
			isa = XCBuildConfiguration;
			buildSettings = {
				ASSETCATALOG_COMPILER_APPICON_NAME = AppIcon;
				ASSETCATALOG_COMPILER_GLOBAL_ACCENT_COLOR_NAME = AccentColor;
				CODE_SIGN_ENTITLEMENTS = MindFort/MindFort.entitlements;
				CODE_SIGN_IDENTITY = "Apple Development";
				CODE_SIGN_STYLE = Automatic;
				CURRENT_PROJECT_VERSION = 1;
				DEAD_CODE_STRIPPING = YES;
				DEVELOPMENT_ASSET_PATHS = "\"MindFort/Preview Content\"";
				DEVELOPMENT_TEAM = Z6P9UD2GQT;
				ENABLE_HARDENED_RUNTIME = YES;
				ENABLE_PREVIEWS = YES;
				GENERATE_INFOPLIST_FILE = YES;
				INFOPLIST_KEY_NSFaceIDUsageDescription = "Please authenticate yourself to allow changing sensitive settings";
				"INFOPLIST_KEY_UIApplicationSceneManifest_Generation[sdk=iphoneos*]" = YES;
				"INFOPLIST_KEY_UIApplicationSceneManifest_Generation[sdk=iphonesimulator*]" = YES;
				"INFOPLIST_KEY_UIApplicationSupportsIndirectInputEvents[sdk=iphoneos*]" = YES;
				"INFOPLIST_KEY_UIApplicationSupportsIndirectInputEvents[sdk=iphonesimulator*]" = YES;
				"INFOPLIST_KEY_UILaunchScreen_Generation[sdk=iphoneos*]" = YES;
				"INFOPLIST_KEY_UILaunchScreen_Generation[sdk=iphonesimulator*]" = YES;
				"INFOPLIST_KEY_UIStatusBarStyle[sdk=iphoneos*]" = UIStatusBarStyleDefault;
				"INFOPLIST_KEY_UIStatusBarStyle[sdk=iphonesimulator*]" = UIStatusBarStyleDefault;
				INFOPLIST_KEY_UISupportedInterfaceOrientations_iPad = "UIInterfaceOrientationPortrait UIInterfaceOrientationPortraitUpsideDown UIInterfaceOrientationLandscapeLeft UIInterfaceOrientationLandscapeRight";
				INFOPLIST_KEY_UISupportedInterfaceOrientations_iPhone = "UIInterfaceOrientationPortrait UIInterfaceOrientationLandscapeLeft UIInterfaceOrientationLandscapeRight";
				IPHONEOS_DEPLOYMENT_TARGET = 16.4;
				LD_RUNPATH_SEARCH_PATHS = "@executable_path/Frameworks";
				"LD_RUNPATH_SEARCH_PATHS[sdk=macosx*]" = "@executable_path/../Frameworks";
				MACOSX_DEPLOYMENT_TARGET = 13.3;
				MARKETING_VERSION = 1.0;
				PRODUCT_BUNDLE_IDENTIFIER = com.micahrl.MindFort;
				PRODUCT_NAME = "$(TARGET_NAME)";
				PROVISIONING_PROFILE_SPECIFIER = "";
				SDKROOT = auto;
				SUPPORTED_PLATFORMS = "iphoneos iphonesimulator macosx";
				SWIFT_EMIT_LOC_STRINGS = YES;
				SWIFT_VERSION = 5.0;
				TARGETED_DEVICE_FAMILY = "1,2";
			};
			name = Release;
		};
		30FD05A12A1BDD5F006AB9CC /* Debug */ = {
			isa = XCBuildConfiguration;
			buildSettings = {
				ALWAYS_EMBED_SWIFT_STANDARD_LIBRARIES = YES;
				BUNDLE_LOADER = "$(TEST_HOST)";
				CODE_SIGN_STYLE = Automatic;
				CURRENT_PROJECT_VERSION = 1;
				DEAD_CODE_STRIPPING = YES;
				DEVELOPMENT_TEAM = Z6P9UD2GQT;
				GENERATE_INFOPLIST_FILE = YES;
				IPHONEOS_DEPLOYMENT_TARGET = 16.4;
				MACOSX_DEPLOYMENT_TARGET = 13.3;
				MARKETING_VERSION = 1.0;
				PRODUCT_BUNDLE_IDENTIFIER = com.micahrl.MindFortTests;
				PRODUCT_NAME = "$(TARGET_NAME)";
				SDKROOT = auto;
				SUPPORTED_PLATFORMS = "iphoneos iphonesimulator macosx";
				SWIFT_EMIT_LOC_STRINGS = NO;
				SWIFT_VERSION = 5.0;
				TARGETED_DEVICE_FAMILY = "1,2";
				TEST_HOST = "$(BUILT_PRODUCTS_DIR)/MindFort.app/$(BUNDLE_EXECUTABLE_FOLDER_PATH)/MindFort";
			};
			name = Debug;
		};
		30FD05A22A1BDD5F006AB9CC /* Release */ = {
			isa = XCBuildConfiguration;
			buildSettings = {
				ALWAYS_EMBED_SWIFT_STANDARD_LIBRARIES = YES;
				BUNDLE_LOADER = "$(TEST_HOST)";
				CODE_SIGN_STYLE = Automatic;
				CURRENT_PROJECT_VERSION = 1;
				DEAD_CODE_STRIPPING = YES;
				DEVELOPMENT_TEAM = Z6P9UD2GQT;
				GENERATE_INFOPLIST_FILE = YES;
				IPHONEOS_DEPLOYMENT_TARGET = 16.4;
				MACOSX_DEPLOYMENT_TARGET = 13.3;
				MARKETING_VERSION = 1.0;
				PRODUCT_BUNDLE_IDENTIFIER = com.micahrl.MindFortTests;
				PRODUCT_NAME = "$(TARGET_NAME)";
				SDKROOT = auto;
				SUPPORTED_PLATFORMS = "iphoneos iphonesimulator macosx";
				SWIFT_EMIT_LOC_STRINGS = NO;
				SWIFT_VERSION = 5.0;
				TARGETED_DEVICE_FAMILY = "1,2";
				TEST_HOST = "$(BUILT_PRODUCTS_DIR)/MindFort.app/$(BUNDLE_EXECUTABLE_FOLDER_PATH)/MindFort";
			};
			name = Release;
		};
		30FD05A42A1BDD5F006AB9CC /* Debug */ = {
			isa = XCBuildConfiguration;
			buildSettings = {
				ALWAYS_EMBED_SWIFT_STANDARD_LIBRARIES = YES;
				CODE_SIGN_STYLE = Automatic;
				CURRENT_PROJECT_VERSION = 1;
				DEAD_CODE_STRIPPING = YES;
				DEVELOPMENT_TEAM = Z6P9UD2GQT;
				GENERATE_INFOPLIST_FILE = YES;
				IPHONEOS_DEPLOYMENT_TARGET = 16.4;
				MACOSX_DEPLOYMENT_TARGET = 13.3;
				MARKETING_VERSION = 1.0;
				PRODUCT_BUNDLE_IDENTIFIER = com.micahrl.MindFortUITests;
				PRODUCT_NAME = "$(TARGET_NAME)";
				SDKROOT = auto;
				SUPPORTED_PLATFORMS = "iphoneos iphonesimulator macosx";
				SWIFT_EMIT_LOC_STRINGS = NO;
				SWIFT_VERSION = 5.0;
				TARGETED_DEVICE_FAMILY = "1,2";
				TEST_TARGET_NAME = MindFort;
			};
			name = Debug;
		};
		30FD05A52A1BDD5F006AB9CC /* Release */ = {
			isa = XCBuildConfiguration;
			buildSettings = {
				ALWAYS_EMBED_SWIFT_STANDARD_LIBRARIES = YES;
				CODE_SIGN_STYLE = Automatic;
				CURRENT_PROJECT_VERSION = 1;
				DEAD_CODE_STRIPPING = YES;
				DEVELOPMENT_TEAM = Z6P9UD2GQT;
				GENERATE_INFOPLIST_FILE = YES;
				IPHONEOS_DEPLOYMENT_TARGET = 16.4;
				MACOSX_DEPLOYMENT_TARGET = 13.3;
				MARKETING_VERSION = 1.0;
				PRODUCT_BUNDLE_IDENTIFIER = com.micahrl.MindFortUITests;
				PRODUCT_NAME = "$(TARGET_NAME)";
				SDKROOT = auto;
				SUPPORTED_PLATFORMS = "iphoneos iphonesimulator macosx";
				SWIFT_EMIT_LOC_STRINGS = NO;
				SWIFT_VERSION = 5.0;
				TARGETED_DEVICE_FAMILY = "1,2";
				TEST_TARGET_NAME = MindFort;
			};
			name = Release;
		};
/* End XCBuildConfiguration section */

/* Begin XCConfigurationList section */
		30FD05732A1BDD5C006AB9CC /* Build configuration list for PBXProject "MindFort" */ = {
			isa = XCConfigurationList;
			buildConfigurations = (
				30FD059B2A1BDD5F006AB9CC /* Debug */,
				30FD059C2A1BDD5F006AB9CC /* Release */,
			);
			defaultConfigurationIsVisible = 0;
			defaultConfigurationName = Release;
		};
		30FD059D2A1BDD5F006AB9CC /* Build configuration list for PBXNativeTarget "MindFort" */ = {
			isa = XCConfigurationList;
			buildConfigurations = (
				30FD059E2A1BDD5F006AB9CC /* Debug */,
				30FD059F2A1BDD5F006AB9CC /* Release */,
			);
			defaultConfigurationIsVisible = 0;
			defaultConfigurationName = Release;
		};
		30FD05A02A1BDD5F006AB9CC /* Build configuration list for PBXNativeTarget "MindFortTests" */ = {
			isa = XCConfigurationList;
			buildConfigurations = (
				30FD05A12A1BDD5F006AB9CC /* Debug */,
				30FD05A22A1BDD5F006AB9CC /* Release */,
			);
			defaultConfigurationIsVisible = 0;
			defaultConfigurationName = Release;
		};
		30FD05A32A1BDD5F006AB9CC /* Build configuration list for PBXNativeTarget "MindFortUITests" */ = {
			isa = XCConfigurationList;
			buildConfigurations = (
				30FD05A42A1BDD5F006AB9CC /* Debug */,
				30FD05A52A1BDD5F006AB9CC /* Release */,
			);
			defaultConfigurationIsVisible = 0;
			defaultConfigurationName = Release;
		};
/* End XCConfigurationList section */

/* Begin XCRemoteSwiftPackageReference section */
		30DC65DE2A32D07E00EDB001 /* XCRemoteSwiftPackageReference "swift-sodium" */ = {
			isa = XCRemoteSwiftPackageReference;
			repositoryURL = "https://github.com/jedisct1/swift-sodium.git";
			requirement = {
				kind = upToNextMajorVersion;
				minimumVersion = 0.9.1;
			};
		};
/* End XCRemoteSwiftPackageReference section */

/* Begin XCSwiftPackageProductDependency section */
		30DC65DF2A32D07E00EDB001 /* Clibsodium */ = {
			isa = XCSwiftPackageProductDependency;
			package = 30DC65DE2A32D07E00EDB001 /* XCRemoteSwiftPackageReference "swift-sodium" */;
			productName = Clibsodium;
		};
		30DC65E12A32D07E00EDB001 /* Sodium */ = {
			isa = XCSwiftPackageProductDependency;
			package = 30DC65DE2A32D07E00EDB001 /* XCRemoteSwiftPackageReference "swift-sodium" */;
			productName = Sodium;
		};
/* End XCSwiftPackageProductDependency section */
	};
	rootObject = 30FD05702A1BDD5C006AB9CC /* Project object */;
}
